
Microsoft Visual Studio Solution File, Format Version 12.00
# Visual Studio Version 17
VisualStudioVersion = 17.6.33829.357
MinimumVisualStudioVersion = 10.0.40219.1
Project("{FAE04EC0-301F-11D3-BF4B-00C04F79EFBC}") = "LiteraryWings.EntidadesDeNegocio", "LiteraryWings.EntidadesDeNegocio\LiteraryWings.EntidadesDeNegocio.csproj", "{11AB351A-D227-469E-8393-B282F00435DE}"
EndProject
Project("{FAE04EC0-301F-11D3-BF4B-00C04F79EFBC}") = "LiteraryWings.AccesoADatos", "LiteraryWings.AccesoADatos\LiteraryWings.AccesoADatos.csproj", "{48EB8F68-504B-4195-A968-43EA6DC85998}"
EndProject
Project("{FAE04EC0-301F-11D3-BF4B-00C04F79EFBC}") = "LiteraryWings.LogicaDeNegocio", "LiteraryWings.LogicaDeNegocio\LiteraryWings.LogicaDeNegocio.csproj", "{B17216D4-24D6-4923-8DD7-191613EA65E7}"
EndProject
Project("{FAE04EC0-301F-11D3-BF4B-00C04F79EFBC}") = "LiteraryWings.PruebasUnitarias", "LiteraryWings.PruebasUnitarias\LiteraryWings.PruebasUnitarias.csproj", "{2A778D30-5864-45A0-AFA0-DBFD1B7C1A63}"
EndProject
Project("{FAE04EC0-301F-11D3-BF4B-00C04F79EFBC}") = "LiteraryWings.WebAPI", "LiteraryWings.WebAPI\LiteraryWings.WebAPI.csproj", "{EC68E4FC-896C-42BC-B22D-1032C23DE1A4}"
EndProject
Global
	GlobalSection(SolutionConfigurationPlatforms) = preSolution
		Debug|Any CPU = Debug|Any CPU
		Release|Any CPU = Release|Any CPU
	EndGlobalSection
	GlobalSection(ProjectConfigurationPlatforms) = postSolution
		{11AB351A-D227-469E-8393-B282F00435DE}.Debug|Any CPU.ActiveCfg = Debug|Any CPU
		{11AB351A-D227-469E-8393-B282F00435DE}.Debug|Any CPU.Build.0 = Debug|Any CPU
		{11AB351A-D227-469E-8393-B282F00435DE}.Release|Any CPU.ActiveCfg = Release|Any CPU
		{11AB351A-D227-469E-8393-B282F00435DE}.Release|Any CPU.Build.0 = Release|Any CPU
		{48EB8F68-504B-4195-A968-43EA6DC85998}.Debug|Any CPU.ActiveCfg = Debug|Any CPU
		{48EB8F68-504B-4195-A968-43EA6DC85998}.Debug|Any CPU.Build.0 = Debug|Any CPU
		{48EB8F68-504B-4195-A968-43EA6DC85998}.Release|Any CPU.ActiveCfg = Release|Any CPU
		{48EB8F68-504B-4195-A968-43EA6DC85998}.Release|Any CPU.Build.0 = Release|Any CPU
		{B17216D4-24D6-4923-8DD7-191613EA65E7}.Debug|Any CPU.ActiveCfg = Debug|Any CPU
		{B17216D4-24D6-4923-8DD7-191613EA65E7}.Debug|Any CPU.Build.0 = Debug|Any CPU
		{B17216D4-24D6-4923-8DD7-191613EA65E7}.Release|Any CPU.ActiveCfg = Release|Any CPU
		{B17216D4-24D6-4923-8DD7-191613EA65E7}.Release|Any CPU.Build.0 = Release|Any CPU
		{2A778D30-5864-45A0-AFA0-DBFD1B7C1A63}.Debug|Any CPU.ActiveCfg = Debug|Any CPU
		{2A778D30-5864-45A0-AFA0-DBFD1B7C1A63}.Debug|Any CPU.Build.0 = Debug|Any CPU
		{2A778D30-5864-45A0-AFA0-DBFD1B7C1A63}.Release|Any CPU.ActiveCfg = Release|Any CPU
		{2A778D30-5864-45A0-AFA0-DBFD1B7C1A63}.Release|Any CPU.Build.0 = Release|Any CPU
		{EC68E4FC-896C-42BC-B22D-1032C23DE1A4}.Debug|Any CPU.ActiveCfg = Debug|Any CPU
		{EC68E4FC-896C-42BC-B22D-1032C23DE1A4}.Debug|Any CPU.Build.0 = Debug|Any CPU
		{EC68E4FC-896C-42BC-B22D-1032C23DE1A4}.Release|Any CPU.ActiveCfg = Release|Any CPU
		{EC68E4FC-896C-42BC-B22D-1032C23DE1A4}.Release|Any CPU.Build.0 = Release|Any CPU
	EndGlobalSection
	GlobalSection(SolutionProperties) = preSolution
		HideSolutionNode = FALSE
	EndGlobalSection
	GlobalSection(ExtensibilityGlobals) = postSolution
		SolutionGuid = {90BB88F6-D3A2-4879-B801-DE298CC4A64C}
	EndGlobalSection
EndGlobal
